
Microsoft Visual Studio Solution File, Format Version 12.00
# Visual Studio Version 17
VisualStudioVersion = 17.1.32421.90
MinimumVisualStudioVersion = 10.0.40219.1
Project("{FAE04EC0-301F-11D3-BF4B-00C04F79EFBC}") = "Extension_Method", "Extension_Method\Extension_Method.csproj", "{730EB9EB-B9DD-4A32-9D9B-5DD90D948D38}"
EndProject
Global
	GlobalSection(SolutionConfigurationPlatforms) = preSolution
		Debug|Any CPU = Debug|Any CPU
		Release|Any CPU = Release|Any CPU
	EndGlobalSection
	GlobalSection(ProjectConfigurationPlatforms) = postSolution
		{730EB9EB-B9DD-4A32-9D9B-5DD90D948D38}.Debug|Any CPU.ActiveCfg = Debug|Any CPU
		{730EB9EB-B9DD-4A32-9D9B-5DD90D948D38}.Debug|Any CPU.Build.0 = Debug|Any CPU
		{730EB9EB-B9DD-4A32-9D9B-5DD90D948D38}.Release|Any CPU.ActiveCfg = Release|Any CPU
		{730EB9EB-B9DD-4A32-9D9B-5DD90D948D38}.Release|Any CPU.Build.0 = Release|Any CPU
	EndGlobalSection
	GlobalSection(SolutionProperties) = preSolution
		HideSolutionNode = FALSE
	EndGlobalSection
	GlobalSection(ExtensibilityGlobals) = postSolution
		SolutionGuid = {104269CF-02F2-4C84-A0E7-DC745A275094}
	EndGlobalSection
EndGlobal
